
Microsoft Visual Studio Solution File, Format Version 12.00
# Visual Studio Version 17
VisualStudioVersion = 17.5.33502.453
MinimumVisualStudioVersion = 10.0.40219.1
Project("{9A19103F-16F7-4668-BE54-9A1E7A4F7556}") = "H1-ERP-System", "H1-ERP-System\H1-ERP-System.csproj", "{0E5C1739-6AF1-47D8-8C8E-E0BDD8650B30}"
EndProject
Project("{9A19103F-16F7-4668-BE54-9A1E7A4F7556}") = "XUnitTest", "XUnitTest\XUnitTest.csproj", "{316D86CB-F7F4-4D7F-ADDD-27FFEF91DC79}"
	ProjectSection(ProjectDependencies) = postProject
		{0E5C1739-6AF1-47D8-8C8E-E0BDD8650B30} = {0E5C1739-6AF1-47D8-8C8E-E0BDD8650B30}
	EndProjectSection
EndProject
Global
	GlobalSection(SolutionConfigurationPlatforms) = preSolution
		Debug|Any CPU = Debug|Any CPU
		Release|Any CPU = Release|Any CPU
	EndGlobalSection
	GlobalSection(ProjectConfigurationPlatforms) = postSolution
		{0E5C1739-6AF1-47D8-8C8E-E0BDD8650B30}.Debug|Any CPU.ActiveCfg = Debug|Any CPU
		{0E5C1739-6AF1-47D8-8C8E-E0BDD8650B30}.Debug|Any CPU.Build.0 = Debug|Any CPU
		{0E5C1739-6AF1-47D8-8C8E-E0BDD8650B30}.Release|Any CPU.ActiveCfg = Release|Any CPU
		{0E5C1739-6AF1-47D8-8C8E-E0BDD8650B30}.Release|Any CPU.Build.0 = Release|Any CPU
		{316D86CB-F7F4-4D7F-ADDD-27FFEF91DC79}.Debug|Any CPU.ActiveCfg = Debug|Any CPU
		{316D86CB-F7F4-4D7F-ADDD-27FFEF91DC79}.Debug|Any CPU.Build.0 = Debug|Any CPU
		{316D86CB-F7F4-4D7F-ADDD-27FFEF91DC79}.Release|Any CPU.ActiveCfg = Release|Any CPU
		{316D86CB-F7F4-4D7F-ADDD-27FFEF91DC79}.Release|Any CPU.Build.0 = Release|Any CPU
	EndGlobalSection
	GlobalSection(SolutionProperties) = preSolution
		HideSolutionNode = FALSE
	EndGlobalSection
	GlobalSection(ExtensibilityGlobals) = postSolution
		SolutionGuid = {DEA930DD-7D57-4BEC-8D21-583969F73EF8}
	EndGlobalSection
EndGlobal
